
Microsoft Visual Studio Solution File, Format Version 12.00
Project("{FAE04EC0-301F-11D3-BF4B-00C04F79EFBC}") = "KekAuth", "KekAuth\KekAuth.csproj", "{366D1A0A-F2A1-478D-B310-A74B0586AC62}"
EndProject
Project("{FAE04EC0-301F-11D3-BF4B-00C04F79EFBC}") = "KekBase", "..\KekBase\KekBase\KekBase.csproj", "{66AEF4FE-0676-49B0-9653-C4ADD382C2F2}"
EndProject
Global
	GlobalSection(SolutionConfigurationPlatforms) = preSolution
		Debug|Any CPU = Debug|Any CPU
		Release|Any CPU = Release|Any CPU
	EndGlobalSection
	GlobalSection(ProjectConfigurationPlatforms) = postSolution
		{366D1A0A-F2A1-478D-B310-A74B0586AC62}.Debug|Any CPU.ActiveCfg = Debug|Any CPU
		{366D1A0A-F2A1-478D-B310-A74B0586AC62}.Debug|Any CPU.Build.0 = Debug|Any CPU
		{366D1A0A-F2A1-478D-B310-A74B0586AC62}.Release|Any CPU.ActiveCfg = Release|Any CPU
		{366D1A0A-F2A1-478D-B310-A74B0586AC62}.Release|Any CPU.Build.0 = Release|Any CPU
		{66AEF4FE-0676-49B0-9653-C4ADD382C2F2}.Debug|Any CPU.ActiveCfg = Debug|Any CPU
		{66AEF4FE-0676-49B0-9653-C4ADD382C2F2}.Debug|Any CPU.Build.0 = Debug|Any CPU
		{66AEF4FE-0676-49B0-9653-C4ADD382C2F2}.Release|Any CPU.ActiveCfg = Release|Any CPU
		{66AEF4FE-0676-49B0-9653-C4ADD382C2F2}.Release|Any CPU.Build.0 = Release|Any CPU
	EndGlobalSection
EndGlobal
